
Microsoft Visual Studio Solution File, Format Version 12.00
# Visual Studio Version 17
VisualStudioVersion = 17.4.33205.214
MinimumVisualStudioVersion = 10.0.40219.1
Project("{FAE04EC0-301F-11D3-BF4B-00C04F79EFBC}") = "Sa_POO.Aplicativo02", "Sa02-POO.Aplicativo01\Sa_POO.Aplicativo02.csproj", "{9C9E7C84-5609-4230-A068-7DC81823B0C5}"
EndProject
Project("{FAE04EC0-301F-11D3-BF4B-00C04F79EFBC}") = "Sa02_POO.RegraDeNegocio", "Sa02-POO.RegraDeNegocio\Sa02_POO.RegraDeNegocio.csproj", "{5EA29E94-677C-47D4-A48C-F9EE20388EA5}"
EndProject
Project("{FAE04EC0-301F-11D3-BF4B-00C04F79EFBC}") = "Sa02_POO.Aplicativo04", "Sa02_POO.Aplicativo04\Sa02_POO.Aplicativo04.csproj", "{09773961-1BFA-4269-9993-781535CA2F18}"
EndProject
Project("{FAE04EC0-301F-11D3-BF4B-00C04F79EFBC}") = "Sa02_POO.Aplicativo06", "Sa02_POO.Aplicativo06\Sa02_POO.Aplicativo06.csproj", "{62304D26-BE84-4057-9549-83B518AAD9D6}"
EndProject
Project("{FAE04EC0-301F-11D3-BF4B-00C04F79EFBC}") = "Sa02_POO.Aplicativo07", "Sa02_POO.Aplicativo07\Sa02_POO.Aplicativo07.csproj", "{187887AF-D35A-4957-8231-58567BE5FF32}"
EndProject
Global
	GlobalSection(SolutionConfigurationPlatforms) = preSolution
		Debug|Any CPU = Debug|Any CPU
		Release|Any CPU = Release|Any CPU
	EndGlobalSection
	GlobalSection(ProjectConfigurationPlatforms) = postSolution
		{9C9E7C84-5609-4230-A068-7DC81823B0C5}.Debug|Any CPU.ActiveCfg = Debug|Any CPU
		{9C9E7C84-5609-4230-A068-7DC81823B0C5}.Debug|Any CPU.Build.0 = Debug|Any CPU
		{9C9E7C84-5609-4230-A068-7DC81823B0C5}.Release|Any CPU.ActiveCfg = Release|Any CPU
		{9C9E7C84-5609-4230-A068-7DC81823B0C5}.Release|Any CPU.Build.0 = Release|Any CPU
		{5EA29E94-677C-47D4-A48C-F9EE20388EA5}.Debug|Any CPU.ActiveCfg = Debug|Any CPU
		{5EA29E94-677C-47D4-A48C-F9EE20388EA5}.Debug|Any CPU.Build.0 = Debug|Any CPU
		{5EA29E94-677C-47D4-A48C-F9EE20388EA5}.Release|Any CPU.ActiveCfg = Release|Any CPU
		{5EA29E94-677C-47D4-A48C-F9EE20388EA5}.Release|Any CPU.Build.0 = Release|Any CPU
		{09773961-1BFA-4269-9993-781535CA2F18}.Debug|Any CPU.ActiveCfg = Debug|Any CPU
		{09773961-1BFA-4269-9993-781535CA2F18}.Debug|Any CPU.Build.0 = Debug|Any CPU
		{09773961-1BFA-4269-9993-781535CA2F18}.Release|Any CPU.ActiveCfg = Release|Any CPU
		{09773961-1BFA-4269-9993-781535CA2F18}.Release|Any CPU.Build.0 = Release|Any CPU
		{62304D26-BE84-4057-9549-83B518AAD9D6}.Debug|Any CPU.ActiveCfg = Debug|Any CPU
		{62304D26-BE84-4057-9549-83B518AAD9D6}.Debug|Any CPU.Build.0 = Debug|Any CPU
		{62304D26-BE84-4057-9549-83B518AAD9D6}.Release|Any CPU.ActiveCfg = Release|Any CPU
		{62304D26-BE84-4057-9549-83B518AAD9D6}.Release|Any CPU.Build.0 = Release|Any CPU
		{187887AF-D35A-4957-8231-58567BE5FF32}.Debug|Any CPU.ActiveCfg = Debug|Any CPU
		{187887AF-D35A-4957-8231-58567BE5FF32}.Debug|Any CPU.Build.0 = Debug|Any CPU
		{187887AF-D35A-4957-8231-58567BE5FF32}.Release|Any CPU.ActiveCfg = Release|Any CPU
		{187887AF-D35A-4957-8231-58567BE5FF32}.Release|Any CPU.Build.0 = Release|Any CPU
	EndGlobalSection
	GlobalSection(SolutionProperties) = preSolution
		HideSolutionNode = FALSE
	EndGlobalSection
	GlobalSection(ExtensibilityGlobals) = postSolution
		SolutionGuid = {AFE6F4EC-C8DB-49F5-9869-E0BE3C49D6B5}
	EndGlobalSection
EndGlobal
